
Microsoft Visual Studio Solution File, Format Version 12.00
# Visual Studio 15
VisualStudioVersion = 15.0.28307.329
MinimumVisualStudioVersion = 10.0.40219.1
Project("{8BC9CEB8-8B4A-11D0-8D11-00A0C91BC942}") = "Renderhelp_test", "Renderhelp_test\Renderhelp_test.vcxproj", "{DC6589BC-DB1B-4DB9-BF6C-CFAFED6C9FFE}"
EndProject
Global
	GlobalSection(SolutionConfigurationPlatforms) = preSolution
		Debug|x64 = Debug|x64
		Debug|x86 = Debug|x86
		Release|x64 = Release|x64
		Release|x86 = Release|x86
	EndGlobalSection
	GlobalSection(ProjectConfigurationPlatforms) = postSolution
		{DC6589BC-DB1B-4DB9-BF6C-CFAFED6C9FFE}.Debug|x64.ActiveCfg = Debug|x64
		{DC6589BC-DB1B-4DB9-BF6C-CFAFED6C9FFE}.Debug|x64.Build.0 = Debug|x64
		{DC6589BC-DB1B-4DB9-BF6C-CFAFED6C9FFE}.Debug|x86.ActiveCfg = Debug|Win32
		{DC6589BC-DB1B-4DB9-BF6C-CFAFED6C9FFE}.Debug|x86.Build.0 = Debug|Win32
		{DC6589BC-DB1B-4DB9-BF6C-CFAFED6C9FFE}.Release|x64.ActiveCfg = Release|x64
		{DC6589BC-DB1B-4DB9-BF6C-CFAFED6C9FFE}.Release|x64.Build.0 = Release|x64
		{DC6589BC-DB1B-4DB9-BF6C-CFAFED6C9FFE}.Release|x86.ActiveCfg = Release|Win32
		{DC6589BC-DB1B-4DB9-BF6C-CFAFED6C9FFE}.Release|x86.Build.0 = Release|Win32
	EndGlobalSection
	GlobalSection(SolutionProperties) = preSolution
		HideSolutionNode = FALSE
	EndGlobalSection
	GlobalSection(ExtensibilityGlobals) = postSolution
		SolutionGuid = {27F712C6-6D48-448A-85F6-CA487A1AE2EE}
	EndGlobalSection
EndGlobal
